
Microsoft Visual Studio Solution File, Format Version 12.00
# Visual Studio Version 17
VisualStudioVersion = 17.1.32210.238
MinimumVisualStudioVersion = 10.0.40219.1
Project("{FAE04EC0-301F-11D3-BF4B-00C04F79EFBC}") = "PraktikumWeek7", "PraktikumWeek7\PraktikumWeek7.csproj", "{6F116E4F-6B60-4529-B596-3A8B0A15CD0E}"
EndProject
Global
	GlobalSection(SolutionConfigurationPlatforms) = preSolution
		Debug|Any CPU = Debug|Any CPU
		Release|Any CPU = Release|Any CPU
	EndGlobalSection
	GlobalSection(ProjectConfigurationPlatforms) = postSolution
		{6F116E4F-6B60-4529-B596-3A8B0A15CD0E}.Debug|Any CPU.ActiveCfg = Debug|Any CPU
		{6F116E4F-6B60-4529-B596-3A8B0A15CD0E}.Debug|Any CPU.Build.0 = Debug|Any CPU
		{6F116E4F-6B60-4529-B596-3A8B0A15CD0E}.Release|Any CPU.ActiveCfg = Release|Any CPU
		{6F116E4F-6B60-4529-B596-3A8B0A15CD0E}.Release|Any CPU.Build.0 = Release|Any CPU
	EndGlobalSection
	GlobalSection(SolutionProperties) = preSolution
		HideSolutionNode = FALSE
	EndGlobalSection
	GlobalSection(ExtensibilityGlobals) = postSolution
		SolutionGuid = {200430D5-0BBA-4DD7-A702-01EEFE8FA7E2}
	EndGlobalSection
EndGlobal
